
Microsoft Visual Studio Solution File, Format Version 12.00
# Visual Studio Version 17
VisualStudioVersion = 17.5.33502.453
MinimumVisualStudioVersion = 10.0.40219.1
Project("{FAE04EC0-301F-11D3-BF4B-00C04F79EFBC}") = "JobStream", "JobStream\JobStream.csproj", "{9DF7FD5F-99DC-4F04-8182-85FCC9FC9013}"
EndProject
Global
	GlobalSection(SolutionConfigurationPlatforms) = preSolution
		Debug|Any CPU = Debug|Any CPU
		Release|Any CPU = Release|Any CPU
	EndGlobalSection
	GlobalSection(ProjectConfigurationPlatforms) = postSolution
		{9DF7FD5F-99DC-4F04-8182-85FCC9FC9013}.Debug|Any CPU.ActiveCfg = Debug|Any CPU
		{9DF7FD5F-99DC-4F04-8182-85FCC9FC9013}.Debug|Any CPU.Build.0 = Debug|Any CPU
		{9DF7FD5F-99DC-4F04-8182-85FCC9FC9013}.Release|Any CPU.ActiveCfg = Release|Any CPU
		{9DF7FD5F-99DC-4F04-8182-85FCC9FC9013}.Release|Any CPU.Build.0 = Release|Any CPU
	EndGlobalSection
	GlobalSection(SolutionProperties) = preSolution
		HideSolutionNode = FALSE
	EndGlobalSection
	GlobalSection(ExtensibilityGlobals) = postSolution
		SolutionGuid = {A85390C4-F6C1-4680-B934-B6A30E0F7463}
	EndGlobalSection
EndGlobal
